
Microsoft Visual Studio Solution File, Format Version 12.00
# Visual Studio Version 17
VisualStudioVersion = 17.9.34714.143
MinimumVisualStudioVersion = 10.0.40219.1
Project("{FAE04EC0-301F-11D3-BF4B-00C04F79EFBC}") = "GUI REAL", "GUI REAL.csproj", "{1F1BA167-310F-4E31-A809-909D8E90DAD9}"
EndProject
Global
	GlobalSection(SolutionConfigurationPlatforms) = preSolution
		Debug|Any CPU = Debug|Any CPU
		Release|Any CPU = Release|Any CPU
	EndGlobalSection
	GlobalSection(ProjectConfigurationPlatforms) = postSolution
		{1F1BA167-310F-4E31-A809-909D8E90DAD9}.Debug|Any CPU.ActiveCfg = Debug|Any CPU
		{1F1BA167-310F-4E31-A809-909D8E90DAD9}.Debug|Any CPU.Build.0 = Debug|Any CPU
		{1F1BA167-310F-4E31-A809-909D8E90DAD9}.Release|Any CPU.ActiveCfg = Release|Any CPU
		{1F1BA167-310F-4E31-A809-909D8E90DAD9}.Release|Any CPU.Build.0 = Release|Any CPU
	EndGlobalSection
	GlobalSection(SolutionProperties) = preSolution
		HideSolutionNode = FALSE
	EndGlobalSection
	GlobalSection(ExtensibilityGlobals) = postSolution
		SolutionGuid = {3A711BAB-F109-4E85-9032-D114FABA370E}
	EndGlobalSection
EndGlobal
